
Microsoft Visual Studio Solution File, Format Version 12.00
# Visual Studio Version 17
VisualStudioVersion = 17.1.32328.378
MinimumVisualStudioVersion = 10.0.40219.1
Project("{FAE04EC0-301F-11D3-BF4B-00C04F79EFBC}") = "Grade Management", "Grade Management\Grade Management.csproj", "{B6C7641A-F273-4F6A-B327-EE06B9C67AF4}"
EndProject
Global
	GlobalSection(SolutionConfigurationPlatforms) = preSolution
		Debug|Any CPU = Debug|Any CPU
		Release|Any CPU = Release|Any CPU
	EndGlobalSection
	GlobalSection(ProjectConfigurationPlatforms) = postSolution
		{B6C7641A-F273-4F6A-B327-EE06B9C67AF4}.Debug|Any CPU.ActiveCfg = Debug|Any CPU
		{B6C7641A-F273-4F6A-B327-EE06B9C67AF4}.Debug|Any CPU.Build.0 = Debug|Any CPU
		{B6C7641A-F273-4F6A-B327-EE06B9C67AF4}.Release|Any CPU.ActiveCfg = Release|Any CPU
		{B6C7641A-F273-4F6A-B327-EE06B9C67AF4}.Release|Any CPU.Build.0 = Release|Any CPU
	EndGlobalSection
	GlobalSection(SolutionProperties) = preSolution
		HideSolutionNode = FALSE
	EndGlobalSection
	GlobalSection(ExtensibilityGlobals) = postSolution
		SolutionGuid = {6C006B0E-C23C-4304-A20F-39664209E328}
	EndGlobalSection
EndGlobal
